# This file is automatically @generated by Cargo.
# It is not intended for manual editing.
version = 3

[[package]]
name = "round_robin_tournament"
version = "0.1.0"
source = "registry+https://github.com/rust-lang/crates.io-index"
checksum = "735fd019690cfc94ddc50785ee70cd284d66184c99c9703b881f690a2dc13a1a"

[[package]]
name = "social_double_tournament"
version = "0.1.0"
dependencies = [
 "round_robin_tournament",
]
