# This file is automatically @generated by Cargo.
# It is not intended for manual editing.
version = 3

[[package]]
name = "round_robin_tournament"
version = "0.3.0"
source = "registry+https://github.com/rust-lang/crates.io-index"
checksum = "6055808c8077d4b3f4c8c1a5509d7dc34ceb38dbfce2c8e7945c9d5a7c73a31e"

[[package]]
name = "social_tournament"
version = "0.3.0"
dependencies = [
 "round_robin_tournament",
]
